
Microsoft Visual Studio Solution File, Format Version 12.00
# Visual Studio Version 16
VisualStudioVersion = 16.0.29911.84
MinimumVisualStudioVersion = 10.0.40219.1
Project("{FAE04EC0-301F-11D3-BF4B-00C04F79EFBC}") = "WorkOrderAssignment", "WorkOrderAssignment.csproj", "{C10CDEFC-26B7-4C2F-B832-7C491A037B79}"
EndProject
Global
	GlobalSection(SolutionConfigurationPlatforms) = preSolution
		Debug|Any CPU = Debug|Any CPU
		Release|Any CPU = Release|Any CPU
	EndGlobalSection
	GlobalSection(ProjectConfigurationPlatforms) = postSolution
		{C10CDEFC-26B7-4C2F-B832-7C491A037B79}.Debug|Any CPU.ActiveCfg = Debug|Any CPU
		{C10CDEFC-26B7-4C2F-B832-7C491A037B79}.Debug|Any CPU.Build.0 = Debug|Any CPU
		{C10CDEFC-26B7-4C2F-B832-7C491A037B79}.Release|Any CPU.ActiveCfg = Release|Any CPU
		{C10CDEFC-26B7-4C2F-B832-7C491A037B79}.Release|Any CPU.Build.0 = Release|Any CPU
	EndGlobalSection
	GlobalSection(SolutionProperties) = preSolution
		HideSolutionNode = FALSE
	EndGlobalSection
	GlobalSection(ExtensibilityGlobals) = postSolution
		SolutionGuid = {380C641A-AB4B-4B65-943D-02B520B226AF}
	EndGlobalSection
EndGlobal
